
Microsoft Visual Studio Solution File, Format Version 12.00
# Visual Studio Version 17
VisualStudioVersion = 17.7.34003.232
MinimumVisualStudioVersion = 10.0.40219.1
Project("{FAE04EC0-301F-11D3-BF4B-00C04F79EFBC}") = "EgitimUygulaması", "EgitimUygulaması.csproj", "{C9B95E7D-1223-4F45-8A77-AE50A4AA61EB}"
EndProject
Project("{FAE04EC0-301F-11D3-BF4B-00C04F79EFBC}") = "EgitimApp.Business", "..\EgitimApp.Business\EgitimApp.Business.csproj", "{A7F2E28E-D9D5-427E-A941-8BB7D08D249A}"
EndProject
Project("{FAE04EC0-301F-11D3-BF4B-00C04F79EFBC}") = "EgitimApp.Data", "..\EgitimApp.Data\EgitimApp.Data.csproj", "{C2BEA32A-AD03-42C4-BD0C-3E6CF6228D89}"
EndProject
Project("{FAE04EC0-301F-11D3-BF4B-00C04F79EFBC}") = "EgitimApp.Entity", "..\EgitimApp.Entity\EgitimApp.Entity.csproj", "{53E704C2-6570-4A1E-A32D-A76A0C4EC91F}"
EndProject
Project("{FAE04EC0-301F-11D3-BF4B-00C04F79EFBC}") = "EgitimApp.Shared", "..\EgitimApp.Shared\EgitimApp.Shared.csproj", "{EBB331D3-B46B-442A-AE8D-B1FCF33AAA14}"
EndProject
Global
	GlobalSection(SolutionConfigurationPlatforms) = preSolution
		Debug|Any CPU = Debug|Any CPU
		Release|Any CPU = Release|Any CPU
	EndGlobalSection
	GlobalSection(ProjectConfigurationPlatforms) = postSolution
		{C9B95E7D-1223-4F45-8A77-AE50A4AA61EB}.Debug|Any CPU.ActiveCfg = Debug|Any CPU
		{C9B95E7D-1223-4F45-8A77-AE50A4AA61EB}.Debug|Any CPU.Build.0 = Debug|Any CPU
		{C9B95E7D-1223-4F45-8A77-AE50A4AA61EB}.Release|Any CPU.ActiveCfg = Release|Any CPU
		{C9B95E7D-1223-4F45-8A77-AE50A4AA61EB}.Release|Any CPU.Build.0 = Release|Any CPU
		{A7F2E28E-D9D5-427E-A941-8BB7D08D249A}.Debug|Any CPU.ActiveCfg = Debug|Any CPU
		{A7F2E28E-D9D5-427E-A941-8BB7D08D249A}.Debug|Any CPU.Build.0 = Debug|Any CPU
		{A7F2E28E-D9D5-427E-A941-8BB7D08D249A}.Release|Any CPU.ActiveCfg = Release|Any CPU
		{A7F2E28E-D9D5-427E-A941-8BB7D08D249A}.Release|Any CPU.Build.0 = Release|Any CPU
		{C2BEA32A-AD03-42C4-BD0C-3E6CF6228D89}.Debug|Any CPU.ActiveCfg = Debug|Any CPU
		{C2BEA32A-AD03-42C4-BD0C-3E6CF6228D89}.Debug|Any CPU.Build.0 = Debug|Any CPU
		{C2BEA32A-AD03-42C4-BD0C-3E6CF6228D89}.Release|Any CPU.ActiveCfg = Release|Any CPU
		{C2BEA32A-AD03-42C4-BD0C-3E6CF6228D89}.Release|Any CPU.Build.0 = Release|Any CPU
		{53E704C2-6570-4A1E-A32D-A76A0C4EC91F}.Debug|Any CPU.ActiveCfg = Debug|Any CPU
		{53E704C2-6570-4A1E-A32D-A76A0C4EC91F}.Debug|Any CPU.Build.0 = Debug|Any CPU
		{53E704C2-6570-4A1E-A32D-A76A0C4EC91F}.Release|Any CPU.ActiveCfg = Release|Any CPU
		{53E704C2-6570-4A1E-A32D-A76A0C4EC91F}.Release|Any CPU.Build.0 = Release|Any CPU
		{EBB331D3-B46B-442A-AE8D-B1FCF33AAA14}.Debug|Any CPU.ActiveCfg = Debug|Any CPU
		{EBB331D3-B46B-442A-AE8D-B1FCF33AAA14}.Debug|Any CPU.Build.0 = Debug|Any CPU
		{EBB331D3-B46B-442A-AE8D-B1FCF33AAA14}.Release|Any CPU.ActiveCfg = Release|Any CPU
		{EBB331D3-B46B-442A-AE8D-B1FCF33AAA14}.Release|Any CPU.Build.0 = Release|Any CPU
	EndGlobalSection
	GlobalSection(SolutionProperties) = preSolution
		HideSolutionNode = FALSE
	EndGlobalSection
	GlobalSection(ExtensibilityGlobals) = postSolution
		SolutionGuid = {042E2CE4-B2A9-49DB-9217-ACA2E6CC48DD}
	EndGlobalSection
EndGlobal
